// !$*UTF8*$!
{
	archiveVersion = 1;
	classes = {
	};
	objectVersion = 55;
	objects = {

/* Begin PBXBuildFile section */
		0BCFF73128B5319D00F4F5CA /* Calories_App.swift in Sources */ = {isa = PBXBuildFile; fileRef = 0BCFF73028B5319D00F4F5CA /* Calories_App.swift */; };
		0BCFF73328B5319D00F4F5CA /* ContentView.swift in Sources */ = {isa = PBXBuildFile; fileRef = 0BCFF73228B5319D00F4F5CA /* ContentView.swift */; };
		0BCFF73528B531A000F4F5CA /* Assets.xcassets in Resources */ = {isa = PBXBuildFile; fileRef = 0BCFF73428B531A000F4F5CA /* Assets.xcassets */; };
		0BCFF73828B531A000F4F5CA /* Preview Assets.xcassets in Resources */ = {isa = PBXBuildFile; fileRef = 0BCFF73728B531A000F4F5CA /* Preview Assets.xcassets */; };
		0BCFF74128B5321700F4F5CA /* FoodModel.xcdatamodeld in Sources */ = {isa = PBXBuildFile; fileRef = 0BCFF73F28B5321700F4F5CA /* FoodModel.xcdatamodeld */; };
		0BCFF74328B5333800F4F5CA /* DataManager.swift in Sources */ = {isa = PBXBuildFile; fileRef = 0BCFF74228B5333800F4F5CA /* DataManager.swift */; };
		0BCFF74728B5386600F4F5CA /* AddFoodView.swift in Sources */ = {isa = PBXBuildFile; fileRef = 0BCFF74628B5386600F4F5CA /* AddFoodView.swift */; };
		0BCFF74928B53DB300F4F5CA /* TimeFormatter.swift in Sources */ = {isa = PBXBuildFile; fileRef = 0BCFF74828B53DB300F4F5CA /* TimeFormatter.swift */; };
		0BCFF74B28B698C500F4F5CA /* EditView.swift in Sources */ = {isa = PBXBuildFile; fileRef = 0BCFF74A28B698C500F4F5CA /* EditView.swift */; };
/* End PBXBuildFile section */

/* Begin PBXFileReference section */
		0BCFF72D28B5319D00F4F5CA /* Calories+.app */ = {isa = PBXFileReference; explicitFileType = wrapper.application; includeInIndex = 0; path = "Calories+.app"; sourceTree = BUILT_PRODUCTS_DIR; };
		0BCFF73028B5319D00F4F5CA /* Calories_App.swift */ = {isa = PBXFileReference; lastKnownFileType = sourcecode.swift; path = Calories_App.swift; sourceTree = "<group>"; };
		0BCFF73228B5319D00F4F5CA /* ContentView.swift */ = {isa = PBXFileReference; lastKnownFileType = sourcecode.swift; path = ContentView.swift; sourceTree = "<group>"; };
		0BCFF73428B531A000F4F5CA /* Assets.xcassets */ = {isa = PBXFileReference; lastKnownFileType = folder.assetcatalog; path = Assets.xcassets; sourceTree = "<group>"; };
		0BCFF73728B531A000F4F5CA /* Preview Assets.xcassets */ = {isa = PBXFileReference; lastKnownFileType = folder.assetcatalog; path = "Preview Assets.xcassets"; sourceTree = "<group>"; };
		0BCFF74028B5321700F4F5CA /* FoodModel.xcdatamodel */ = {isa = PBXFileReference; lastKnownFileType = wrapper.xcdatamodel; path = FoodModel.xcdatamodel; sourceTree = "<group>"; };
		0BCFF74228B5333800F4F5CA /* DataManager.swift */ = {isa = PBXFileReference; lastKnownFileType = sourcecode.swift; path = DataManager.swift; sourceTree = "<group>"; };
		0BCFF74628B5386600F4F5CA /* AddFoodView.swift */ = {isa = PBXFileReference; lastKnownFileType = sourcecode.swift; path = AddFoodView.swift; sourceTree = "<group>"; };
		0BCFF74828B53DB300F4F5CA /* TimeFormatter.swift */ = {isa = PBXFileReference; lastKnownFileType = sourcecode.swift; path = TimeFormatter.swift; sourceTree = "<group>"; };
		0BCFF74A28B698C500F4F5CA /* EditView.swift */ = {isa = PBXFileReference; lastKnownFileType = sourcecode.swift; path = EditView.swift; sourceTree = "<group>"; };
/* End PBXFileReference section */

/* Begin PBXFrameworksBuildPhase section */
		0BCFF72A28B5319D00F4F5CA /* Frameworks */ = {
			isa = PBXFrameworksBuildPhase;
			buildActionMask = 2147483647;
			files = (
			);
			runOnlyForDeploymentPostprocessing = 0;
		};
/* End PBXFrameworksBuildPhase section */

/* Begin PBXGroup section */
		0BCFF72428B5319D00F4F5CA = {
			isa = PBXGroup;
			children = (
				0BCFF72F28B5319D00F4F5CA /* Calories+ */,
				0BCFF72E28B5319D00F4F5CA /* Products */,
			);
			sourceTree = "<group>";
		};
		0BCFF72E28B5319D00F4F5CA /* Products */ = {
			isa = PBXGroup;
			children = (
				0BCFF72D28B5319D00F4F5CA /* Calories+.app */,
			);
			name = Products;
			sourceTree = "<group>";
		};
		0BCFF72F28B5319D00F4F5CA /* Calories+ */ = {
			isa = PBXGroup;
			children = (
				0BCFF73028B5319D00F4F5CA /* Calories_App.swift */,
				0BCFF74528B5383800F4F5CA /* Helpers */,
				0BCFF74428B5382300F4F5CA /* View */,
				0BCFF73E28B531E700F4F5CA /* DataModel */,
				0BCFF73428B531A000F4F5CA /* Assets.xcassets */,
				0BCFF73628B531A000F4F5CA /* Preview Content */,
			);
			path = "Calories+";
			sourceTree = "<group>";
		};
		0BCFF73628B531A000F4F5CA /* Preview Content */ = {
			isa = PBXGroup;
			children = (
				0BCFF73728B531A000F4F5CA /* Preview Assets.xcassets */,
			);
			path = "Preview Content";
			sourceTree = "<group>";
		};
		0BCFF73E28B531E700F4F5CA /* DataModel */ = {
			isa = PBXGroup;
			children = (
				0BCFF73F28B5321700F4F5CA /* FoodModel.xcdatamodeld */,
				0BCFF74228B5333800F4F5CA /* DataManager.swift */,
			);
			path = DataModel;
			sourceTree = "<group>";
		};
		0BCFF74428B5382300F4F5CA /* View */ = {
			isa = PBXGroup;
			children = (
				0BCFF73228B5319D00F4F5CA /* ContentView.swift */,
				0BCFF74628B5386600F4F5CA /* AddFoodView.swift */,
				0BCFF74A28B698C500F4F5CA /* EditView.swift */,
			);
			path = View;
			sourceTree = "<group>";
		};
		0BCFF74528B5383800F4F5CA /* Helpers */ = {
			isa = PBXGroup;
			children = (
				0BCFF74828B53DB300F4F5CA /* TimeFormatter.swift */,
			);
			path = Helpers;
			sourceTree = "<group>";
		};
/* End PBXGroup section */

/* Begin PBXNativeTarget section */
		0BCFF72C28B5319D00F4F5CA /* Calories+ */ = {
			isa = PBXNativeTarget;
			buildConfigurationList = 0BCFF73B28B531A000F4F5CA /* Build configuration list for PBXNativeTarget "Calories+" */;
			buildPhases = (
				0BCFF72928B5319D00F4F5CA /* Sources */,
				0BCFF72A28B5319D00F4F5CA /* Frameworks */,
				0BCFF72B28B5319D00F4F5CA /* Resources */,
			);
			buildRules = (
			);
			dependencies = (
			);
			name = "Calories+";
			productName = "Calories+";
			productReference = 0BCFF72D28B5319D00F4F5CA /* Calories+.app */;
			productType = "com.apple.product-type.application";
		};
/* End PBXNativeTarget section */

/* Begin PBXProject section */
		0BCFF72528B5319D00F4F5CA /* Project object */ = {
			isa = PBXProject;
			attributes = {
				BuildIndependentTargetsInParallel = 1;
				LastSwiftUpdateCheck = 1340;
				LastUpgradeCheck = 1340;
				TargetAttributes = {
					0BCFF72C28B5319D00F4F5CA = {
						CreatedOnToolsVersion = 13.4;
					};
				};
			};
			buildConfigurationList = 0BCFF72828B5319D00F4F5CA /* Build configuration list for PBXProject "Calories+" */;
			compatibilityVersion = "Xcode 13.0";
			developmentRegion = en;
			hasScannedForEncodings = 0;
			knownRegions = (
				en,
				Base,
			);
			mainGroup = 0BCFF72428B5319D00F4F5CA;
			productRefGroup = 0BCFF72E28B5319D00F4F5CA /* Products */;
			projectDirPath = "";
			projectRoot = "";
			targets = (
				0BCFF72C28B5319D00F4F5CA /* Calories+ */,
			);
		};
/* End PBXProject section */

/* Begin PBXResourcesBuildPhase section */
		0BCFF72B28B5319D00F4F5CA /* Resources */ = {
			isa = PBXResourcesBuildPhase;
			buildActionMask = 2147483647;
			files = (
				0BCFF73828B531A000F4F5CA /* Preview Assets.xcassets in Resources */,
				0BCFF73528B531A000F4F5CA /* Assets.xcassets in Resources */,
			);
			runOnlyForDeploymentPostprocessing = 0;
		};
/* End PBXResourcesBuildPhase section */

/* Begin PBXSourcesBuildPhase section */
		0BCFF72928B5319D00F4F5CA /* Sources */ = {
			isa = PBXSourcesBuildPhase;
			buildActionMask = 2147483647;
			files = (
				0BCFF74728B5386600F4F5CA /* AddFoodView.swift in Sources */,
				0BCFF74928B53DB300F4F5CA /* TimeFormatter.swift in Sources */,
				0BCFF73328B5319D00F4F5CA /* ContentView.swift in Sources */,
				0BCFF74328B5333800F4F5CA /* DataManager.swift in Sources */,
				0BCFF74B28B698C500F4F5CA /* EditView.swift in Sources */,
				0BCFF73128B5319D00F4F5CA /* Calories_App.swift in Sources */,
				0BCFF74128B5321700F4F5CA /* FoodModel.xcdatamodeld in Sources */,
			);
			runOnlyForDeploymentPostprocessing = 0;
		};
/* End PBXSourcesBuildPhase section */

/* Begin XCBuildConfiguration section */
		0BCFF73928B531A000F4F5CA /* Debug */ = {
			isa = XCBuildConfiguration;
			buildSettings = {
				ALWAYS_SEARCH_USER_PATHS = NO;
				CLANG_ANALYZER_NONNULL = YES;
				CLANG_ANALYZER_NUMBER_OBJECT_CONVERSION = YES_AGGRESSIVE;
				CLANG_CXX_LANGUAGE_STANDARD = "gnu++17";
				CLANG_ENABLE_MODULES = YES;
				CLANG_ENABLE_OBJC_ARC = YES;
				CLANG_ENABLE_OBJC_WEAK = YES;
				CLANG_WARN_BLOCK_CAPTURE_AUTORELEASING = YES;
				CLANG_WARN_BOOL_CONVERSION = YES;
				CLANG_WARN_COMMA = YES;
				CLANG_WARN_CONSTANT_CONVERSION = YES;
				CLANG_WARN_DEPRECATED_OBJC_IMPLEMENTATIONS = YES;
				CLANG_WARN_DIRECT_OBJC_ISA_USAGE = YES_ERROR;
				CLANG_WARN_DOCUMENTATION_COMMENTS = YES;
				CLANG_WARN_EMPTY_BODY = YES;
				CLANG_WARN_ENUM_CONVERSION = YES;
				CLANG_WARN_INFINITE_RECURSION = YES;
				CLANG_WARN_INT_CONVERSION = YES;
				CLANG_WARN_NON_LITERAL_NULL_CONVERSION = YES;
				CLANG_WARN_OBJC_IMPLICIT_RETAIN_SELF = YES;
				CLANG_WARN_OBJC_LITERAL_CONVERSION = YES;
				CLANG_WARN_OBJC_ROOT_CLASS = YES_ERROR;
				CLANG_WARN_QUOTED_INCLUDE_IN_FRAMEWORK_HEADER = YES;
				CLANG_WARN_RANGE_LOOP_ANALYSIS = YES;
				CLANG_WARN_STRICT_PROTOTYPES = YES;
				CLANG_WARN_SUSPICIOUS_MOVE = YES;
				CLANG_WARN_UNGUARDED_AVAILABILITY = YES_AGGRESSIVE;
				CLANG_WARN_UNREACHABLE_CODE = YES;
				CLANG_WARN__DUPLICATE_METHOD_MATCH = YES;
				COPY_PHASE_STRIP = NO;
				DEBUG_INFORMATION_FORMAT = dwarf;
				ENABLE_STRICT_OBJC_MSGSEND = YES;
				ENABLE_TESTABILITY = YES;
				GCC_C_LANGUAGE_STANDARD = gnu11;
				GCC_DYNAMIC_NO_PIC = NO;
				GCC_NO_COMMON_BLOCKS = YES;
				GCC_OPTIMIZATION_LEVEL = 0;
				GCC_PREPROCESSOR_DEFINITIONS = (
					"DEBUG=1",
					"$(inherited)",
				);
				GCC_WARN_64_TO_32_BIT_CONVERSION = YES;
				GCC_WARN_ABOUT_RETURN_TYPE = YES_ERROR;
				GCC_WARN_UNDECLARED_SELECTOR = YES;
				GCC_WARN_UNINITIALIZED_AUTOS = YES_AGGRESSIVE;
				GCC_WARN_UNUSED_FUNCTION = YES;
				GCC_WARN_UNUSED_VARIABLE = YES;
				IPHONEOS_DEPLOYMENT_TARGET = 15.5;
				MTL_ENABLE_DEBUG_INFO = INCLUDE_SOURCE;
				MTL_FAST_MATH = YES;
				ONLY_ACTIVE_ARCH = YES;
				SDKROOT = iphoneos;
				SWIFT_ACTIVE_COMPILATION_CONDITIONS = DEBUG;
				SWIFT_OPTIMIZATION_LEVEL = "-Onone";
			};
			name = Debug;
		};
		0BCFF73A28B531A000F4F5CA /* Release */ = {
			isa = XCBuildConfiguration;
			buildSettings = {
				ALWAYS_SEARCH_USER_PATHS = NO;
				CLANG_ANALYZER_NONNULL = YES;
				CLANG_ANALYZER_NUMBER_OBJECT_CONVERSION = YES_AGGRESSIVE;
				CLANG_CXX_LANGUAGE_STANDARD = "gnu++17";
				CLANG_ENABLE_MODULES = YES;
				CLANG_ENABLE_OBJC_ARC = YES;
				CLANG_ENABLE_OBJC_WEAK = YES;
				CLANG_WARN_BLOCK_CAPTURE_AUTORELEASING = YES;
				CLANG_WARN_BOOL_CONVERSION = YES;
				CLANG_WARN_COMMA = YES;
				CLANG_WARN_CONSTANT_CONVERSION = YES;
				CLANG_WARN_DEPRECATED_OBJC_IMPLEMENTATIONS = YES;
				CLANG_WARN_DIRECT_OBJC_ISA_USAGE = YES_ERROR;
				CLANG_WARN_DOCUMENTATION_COMMENTS = YES;
				CLANG_WARN_EMPTY_BODY = YES;
				CLANG_WARN_ENUM_CONVERSION = YES;
				CLANG_WARN_INFINITE_RECURSION = YES;
				CLANG_WARN_INT_CONVERSION = YES;
				CLANG_WARN_NON_LITERAL_NULL_CONVERSION = YES;
				CLANG_WARN_OBJC_IMPLICIT_RETAIN_SELF = YES;
				CLANG_WARN_OBJC_LITERAL_CONVERSION = YES;
				CLANG_WARN_OBJC_ROOT_CLASS = YES_ERROR;
				CLANG_WARN_QUOTED_INCLUDE_IN_FRAMEWORK_HEADER = YES;
				CLANG_WARN_RANGE_LOOP_ANALYSIS = YES;
				CLANG_WARN_STRICT_PROTOTYPES = YES;
				CLANG_WARN_SUSPICIOUS_MOVE = YES;
				CLANG_WARN_UNGUARDED_AVAILABILITY = YES_AGGRESSIVE;
				CLANG_WARN_UNREACHABLE_CODE = YES;
				CLANG_WARN__DUPLICATE_METHOD_MATCH = YES;
				COPY_PHASE_STRIP = NO;
				DEBUG_INFORMATION_FORMAT = "dwarf-with-dsym";
				ENABLE_NS_ASSERTIONS = NO;
				ENABLE_STRICT_OBJC_MSGSEND = YES;
				GCC_C_LANGUAGE_STANDARD = gnu11;
				GCC_NO_COMMON_BLOCKS = YES;
				GCC_WARN_64_TO_32_BIT_CONVERSION = YES;
				GCC_WARN_ABOUT_RETURN_TYPE = YES_ERROR;
				GCC_WARN_UNDECLARED_SELECTOR = YES;
				GCC_WARN_UNINITIALIZED_AUTOS = YES_AGGRESSIVE;
				GCC_WARN_UNUSED_FUNCTION = YES;
				GCC_WARN_UNUSED_VARIABLE = YES;
				IPHONEOS_DEPLOYMENT_TARGET = 15.5;
				MTL_ENABLE_DEBUG_INFO = NO;
				MTL_FAST_MATH = YES;
				SDKROOT = iphoneos;
				SWIFT_COMPILATION_MODE = wholemodule;
				SWIFT_OPTIMIZATION_LEVEL = "-O";
				VALIDATE_PRODUCT = YES;
			};
			name = Release;
		};
		0BCFF73C28B531A000F4F5CA /* Debug */ = {
			isa = XCBuildConfiguration;
			buildSettings = {
				ASSETCATALOG_COMPILER_APPICON_NAME = AppIcon;
				ASSETCATALOG_COMPILER_GLOBAL_ACCENT_COLOR_NAME = AccentColor;
				CODE_SIGN_STYLE = Automatic;
				CURRENT_PROJECT_VERSION = 1;
				DEVELOPMENT_ASSET_PATHS = "\"Calories+/Preview Content\"";
				DEVELOPMENT_TEAM = 327B2F3V2J;
				ENABLE_PREVIEWS = YES;
				GENERATE_INFOPLIST_FILE = YES;
				INFOPLIST_KEY_UIApplicationSceneManifest_Generation = YES;
				INFOPLIST_KEY_UIApplicationSupportsIndirectInputEvents = YES;
				INFOPLIST_KEY_UILaunchScreen_Generation = YES;
				INFOPLIST_KEY_UISupportedInterfaceOrientations_iPad = "UIInterfaceOrientationPortrait UIInterfaceOrientationPortraitUpsideDown UIInterfaceOrientationLandscapeLeft UIInterfaceOrientationLandscapeRight";
				INFOPLIST_KEY_UISupportedInterfaceOrientations_iPhone = "UIInterfaceOrientationPortrait UIInterfaceOrientationLandscapeLeft UIInterfaceOrientationLandscapeRight";
				LD_RUNPATH_SEARCH_PATHS = (
					"$(inherited)",
					"@executable_path/Frameworks",
				);
				MARKETING_VERSION = 1.0;
				PRODUCT_BUNDLE_IDENTIFIER = "com.Mr.Ki.Calories-";
				PRODUCT_NAME = "$(TARGET_NAME)";
				SWIFT_EMIT_LOC_STRINGS = YES;
				SWIFT_VERSION = 5.0;
				TARGETED_DEVICE_FAMILY = "1,2";
			};
			name = Debug;
		};
		0BCFF73D28B531A000F4F5CA /* Release */ = {
			isa = XCBuildConfiguration;
			buildSettings = {
				ASSETCATALOG_COMPILER_APPICON_NAME = AppIcon;
				ASSETCATALOG_COMPILER_GLOBAL_ACCENT_COLOR_NAME = AccentColor;
				CODE_SIGN_STYLE = Automatic;
				CURRENT_PROJECT_VERSION = 1;
				DEVELOPMENT_ASSET_PATHS = "\"Calories+/Preview Content\"";
				DEVELOPMENT_TEAM = 327B2F3V2J;
				ENABLE_PREVIEWS = YES;
				GENERATE_INFOPLIST_FILE = YES;
				INFOPLIST_KEY_UIApplicationSceneManifest_Generation = YES;
				INFOPLIST_KEY_UIApplicationSupportsIndirectInputEvents = YES;
				INFOPLIST_KEY_UILaunchScreen_Generation = YES;
				INFOPLIST_KEY_UISupportedInterfaceOrientations_iPad = "UIInterfaceOrientationPortrait UIInterfaceOrientationPortraitUpsideDown UIInterfaceOrientationLandscapeLeft UIInterfaceOrientationLandscapeRight";
				INFOPLIST_KEY_UISupportedInterfaceOrientations_iPhone = "UIInterfaceOrientationPortrait UIInterfaceOrientationLandscapeLeft UIInterfaceOrientationLandscapeRight";
				LD_RUNPATH_SEARCH_PATHS = (
					"$(inherited)",
					"@executable_path/Frameworks",
				);
				MARKETING_VERSION = 1.0;
				PRODUCT_BUNDLE_IDENTIFIER = "com.Mr.Ki.Calories-";
				PRODUCT_NAME = "$(TARGET_NAME)";
				SWIFT_EMIT_LOC_STRINGS = YES;
				SWIFT_VERSION = 5.0;
				TARGETED_DEVICE_FAMILY = "1,2";
			};
			name = Release;
		};
/* End XCBuildConfiguration section */

/* Begin XCConfigurationList section */
		0BCFF72828B5319D00F4F5CA /* Build configuration list for PBXProject "Calories+" */ = {
			isa = XCConfigurationList;
			buildConfigurations = (
				0BCFF73928B531A000F4F5CA /* Debug */,
				0BCFF73A28B531A000F4F5CA /* Release */,
			);
			defaultConfigurationIsVisible = 0;
			defaultConfigurationName = Release;
		};
		0BCFF73B28B531A000F4F5CA /* Build configuration list for PBXNativeTarget "Calories+" */ = {
			isa = XCConfigurationList;
			buildConfigurations = (
				0BCFF73C28B531A000F4F5CA /* Debug */,
				0BCFF73D28B531A000F4F5CA /* Release */,
			);
			defaultConfigurationIsVisible = 0;
			defaultConfigurationName = Release;
		};
/* End XCConfigurationList section */

/* Begin XCVersionGroup section */
		0BCFF73F28B5321700F4F5CA /* FoodModel.xcdatamodeld */ = {
			isa = XCVersionGroup;
			children = (
				0BCFF74028B5321700F4F5CA /* FoodModel.xcdatamodel */,
			);
			currentVersion = 0BCFF74028B5321700F4F5CA /* FoodModel.xcdatamodel */;
			path = FoodModel.xcdatamodeld;
			sourceTree = "<group>";
			versionGroupType = wrapper.xcdatamodel;
		};
/* End XCVersionGroup section */
	};
	rootObject = 0BCFF72528B5319D00F4F5CA /* Project object */;
}
